{
  "requires": true,
  "lockfileVersion": 1,
  "dependencies": {
    "bsb-native": {
      "version": "4.0.7000",
      "resolved": "https://registry.npmjs.org/bsb-native/-/bsb-native-4.0.7000.tgz",
      "integrity": "sha512-RcmbmdwvGHnQBhxkz6B7+J0d4cTUhWDGIJ94DmjHDlwgH7cnzWTTKqASWkPiPTqlNFyZtQxZ9qTvAQrsE/iMpw==",
      "requires": {
        "yauzl": "^2.9.1"
      }
    },
    "buffer-crc32": {
      "version": "0.2.13",
      "resolved": "https://registry.npmjs.org/buffer-crc32/-/buffer-crc32-0.2.13.tgz",
      "integrity": "sha1-DTM+PwDqxQqhRUq9MO+MKl2ackI="
    },
    "fd-slicer": {
      "version": "1.1.0",
      "resolved": "https://registry.npmjs.org/fd-slicer/-/fd-slicer-1.1.0.tgz",
      "integrity": "sha1-JcfInLH5B3+IkbvmHY85Dq4lbx4=",
      "requires": {
        "pend": "~1.2.0"
      }
    },
    "flex": {
      "version": "github:jaredly/flex#8c82d382533166e26770054e197ab55e80e0fca1",
      "from": "github:jaredly/flex",
      "requires": {
        "bsb-native": "*"
      }
    },
    "fpack": {
      "version": "0.6.6",
      "resolved": "https://registry.npmjs.org/fpack/-/fpack-0.6.6.tgz",
      "integrity": "sha512-I5JNO2CajkbtPpWTcMgWQKPCyMT11UDUQL/Qz5YYc0CrPht/KzKqJcW6RuSozXGUQPN8KTbQJriSR7Kj8bKoCA=="
    },
    "pend": {
      "version": "1.2.0",
      "resolved": "https://registry.npmjs.org/pend/-/pend-1.2.0.tgz",
      "integrity": "sha1-elfrVQpng/kRUzH89GY9XI4AelA="
    },
    "yauzl": {
      "version": "2.10.0",
      "resolved": "https://registry.npmjs.org/yauzl/-/yauzl-2.10.0.tgz",
      "integrity": "sha1-x+sXyT4RLLEIb6bY5R+wZnt5pfk=",
      "requires": {
        "buffer-crc32": "~0.2.3",
        "fd-slicer": "~1.1.0"
      }
    }
  }
}
